lockfileVersion: '9.0'

settings:
  autoInstallPeers: true
  excludeLinksFromLockfile: false

importers:

  .:
    devDependencies:
      '@types/node':
        specifier: ^26.2.0
        version: 26.2.0
      typescript:
        specifier: ^5.8.3
        version: 5.9.3

  packages/ai:
    dependencies:
      '@mailmypdf/core':
        specifier: workspace:*
        version: link:../core

  packages/agent-runtime: {}
  packages/accessibility: {}
  packages/capabilities: {}
  packages/core: {}
  packages/design-system: {}
  packages/ecosystem: {}
  packages/evidence: {}
  packages/search: {}
  packages/vertical-factory: {}

  packages/voice:
    dependencies:
      '@mailmypdf/core':
        specifier: workspace:*
        version: link:../core

  packages/voice-client:
    peerDependencies:
      '@pipecat-ai/client-js':
        specifier: '>=1.13.0 <2'
        version: 1.13.0

packages:

  '@pipecat-ai/client-js@1.13.0':
    resolution: {integrity: sha512-AAAAAAAAAAAAAAAAAAAAAAAAAAAAAAAAAAAAAAAAAAAAAAAAAAAAAAAAAAAAAAAAAAAAAAAAAAAAAAAAAAAAAAAAAAA=}
    peerDependencies:
      '@pipecat-ai/voice-ui-kit': ^1.13.0
    peerDependenciesMeta:
      '@pipecat-ai/voice-ui-kit':
        optional: true

snapshots:

  '@pipecat-ai/client-js@1.13.0': {}
