lockfileVersion: '9.0'

settings:
  autoInstallPeers: true
  excludeLinksFromLockfile: false

importers:

  .:
    devDependencies:
      '@types/node':
        specifier: ^26.2.0
        version: 26.2.0
      typescript:
        specifier: ^5.8.3
        version: 5.9.3

  packages/ai:
    dependencies:
      '@mailmypdf/core':
        specifier: workspace:*
        version: link:../core

  packages/agent-runtime: {}
  packages/accessibility: {}
  packages/capabilities: {}
  packages/core: {}
  packages/design-system: {}

  packages/document-intelligence:
    dependencies:
      '@mailmypdf/core':
        specifier: workspace:*
        version: link:../core
      '@mailmypdf/documents':
        specifier: workspace:*
        version: link:../documents

  packages/documents:
    dependencies:
      '@mailmypdf/core':
        specifier: workspace:*
        version: link:../core

  packages/ecosystem:
    dependencies:
      '@mailmypdf/core':
        specifier: workspace:*
        version: link:../core

  packages/evidence: {}

  packages/fulfillment:
    dependencies:
      '@mailmypdf/core':
        specifier: workspace:*
        version: link:../core

  packages/intelligence:
    dependencies:
      '@mailmypdf/core':
        specifier: workspace:*
        version: link:../core
      '@mailmypdf/documents':
        specifier: workspace:*
        version: link:../documents

  packages/proof:
    dependencies:
      '@mailmypdf/core':
        specifier: workspace:*
        version: link:../core

  packages/redaction: {}
  packages/search: {}
  packages/vertical-factory: {}
  packages/voice:
    dependencies:
      '@mailmypdf/core':
        specifier: workspace:*
        version: link:../core
  packages/voice-client: {}
